
Microsoft Visual Studio Solution File, Format Version 12.00
# Visual Studio Version 17
VisualStudioVersion = 17.14.36327.8 d17.14
MinimumVisualStudioVersion = 10.0.40219.1
Project("{FAE04EC0-301F-11D3-BF4B-00C04F79EFBC}") = "inr to usd eur gbp", "inr to usd eur gbp\inr to usd eur gbp.csproj", "{6BC1A490-F034-43DA-A2EC-AE13A208724A}"
EndProject
Global
	GlobalSection(SolutionConfigurationPlatforms) = preSolution
		Debug|Any CPU = Debug|Any CPU
		Release|Any CPU = Release|Any CPU
	EndGlobalSection
	GlobalSection(ProjectConfigurationPlatforms) = postSolution
		{6BC1A490-F034-43DA-A2EC-AE13A208724A}.Debug|Any CPU.ActiveCfg = Debug|Any CPU
		{6BC1A490-F034-43DA-A2EC-AE13A208724A}.Debug|Any CPU.Build.0 = Debug|Any CPU
		{6BC1A490-F034-43DA-A2EC-AE13A208724A}.Release|Any CPU.ActiveCfg = Release|Any CPU
		{6BC1A490-F034-43DA-A2EC-AE13A208724A}.Release|Any CPU.Build.0 = Release|Any CPU
	EndGlobalSection
	GlobalSection(SolutionProperties) = preSolution
		HideSolutionNode = FALSE
	EndGlobalSection
	GlobalSection(ExtensibilityGlobals) = postSolution
		SolutionGuid = {A97B0E4C-A927-4150-A73C-11BC3AEEDF21}
	EndGlobalSection
EndGlobal
